
Microsoft Visual Studio Solution File, Format Version 12.00
# Visual Studio Version 16
VisualStudioVersion = 25.0.1706.6
MinimumVisualStudioVersion = 10.0.40219.1
Project("{FAE04EC0-301F-11D3-BF4B-00C04F79EFBC}") = "MyBot", "ConsoleApp\MyBot.csproj", "{5E4F5A16-B1C5-43CF-B8C6-CAA206D0EA7C}"
EndProject
Project("{FAE04EC0-301F-11D3-BF4B-00C04F79EFBC}") = "WorkWithCSVLib", "MyLib\WorkWithCSVLib.csproj", "{D3B80D0F-C7F5-4DED-A96D-9876754140C2}"
EndProject
Global
	GlobalSection(SolutionConfigurationPlatforms) = preSolution
		Debug|Any CPU = Debug|Any CPU
		Release|Any CPU = Release|Any CPU
	EndGlobalSection
	GlobalSection(ProjectConfigurationPlatforms) = postSolution
		{5E4F5A16-B1C5-43CF-B8C6-CAA206D0EA7C}.Debug|Any CPU.ActiveCfg = Debug|Any CPU
		{5E4F5A16-B1C5-43CF-B8C6-CAA206D0EA7C}.Debug|Any CPU.Build.0 = Debug|Any CPU
		{5E4F5A16-B1C5-43CF-B8C6-CAA206D0EA7C}.Release|Any CPU.ActiveCfg = Release|Any CPU
		{5E4F5A16-B1C5-43CF-B8C6-CAA206D0EA7C}.Release|Any CPU.Build.0 = Release|Any CPU
		{D3B80D0F-C7F5-4DED-A96D-9876754140C2}.Debug|Any CPU.ActiveCfg = Debug|Any CPU
		{D3B80D0F-C7F5-4DED-A96D-9876754140C2}.Debug|Any CPU.Build.0 = Debug|Any CPU
		{D3B80D0F-C7F5-4DED-A96D-9876754140C2}.Release|Any CPU.ActiveCfg = Release|Any CPU
		{D3B80D0F-C7F5-4DED-A96D-9876754140C2}.Release|Any CPU.Build.0 = Release|Any CPU
	EndGlobalSection
	GlobalSection(SolutionProperties) = preSolution
		HideSolutionNode = FALSE
	EndGlobalSection
	GlobalSection(ExtensibilityGlobals) = postSolution
		SolutionGuid = {5FE3EA73-8C6E-46D4-A33C-0B06CC5CCED4}
	EndGlobalSection
EndGlobal
